
Microsoft Visual Studio Solution File, Format Version 12.00
# Visual Studio Version 17
VisualStudioVersion = 17.7.34202.233
MinimumVisualStudioVersion = 10.0.40219.1
Project("{FAE04EC0-301F-11D3-BF4B-00C04F79EFBC}") = "Jeweler", "Jeweler\Jeweler.csproj", "{AA967379-AA00-484E-AFB5-E6DD4AB013B4}"
EndProject
Global
	GlobalSection(SolutionConfigurationPlatforms) = preSolution
		Debug|Any CPU = Debug|Any CPU
		Release|Any CPU = Release|Any CPU
	EndGlobalSection
	GlobalSection(ProjectConfigurationPlatforms) = postSolution
		{AA967379-AA00-484E-AFB5-E6DD4AB013B4}.Debug|Any CPU.ActiveCfg = Debug|Any CPU
		{AA967379-AA00-484E-AFB5-E6DD4AB013B4}.Debug|Any CPU.Build.0 = Debug|Any CPU
		{AA967379-AA00-484E-AFB5-E6DD4AB013B4}.Release|Any CPU.ActiveCfg = Release|Any CPU
		{AA967379-AA00-484E-AFB5-E6DD4AB013B4}.Release|Any CPU.Build.0 = Release|Any CPU
	EndGlobalSection
	GlobalSection(SolutionProperties) = preSolution
		HideSolutionNode = FALSE
	EndGlobalSection
	GlobalSection(ExtensibilityGlobals) = postSolution
		SolutionGuid = {62CF9C87-AA07-44A4-904C-AC0F5F75EABF}
	EndGlobalSection
EndGlobal
